
Microsoft Visual Studio Solution File, Format Version 12.00
# Visual Studio Version 16
VisualStudioVersion = 16.0.30804.86
MinimumVisualStudioVersion = 10.0.40219.1
Project("{FAE04EC0-301F-11D3-BF4B-00C04F79EFBC}") = "OrderInBackend", "OrderInBackend.csproj", "{1FFFF2AD-3FBF-48A7-8136-F8BD697E5BA7}"
EndProject
Global
	GlobalSection(SolutionConfigurationPlatforms) = preSolution
		Debug|Any CPU = Debug|Any CPU
		Release|Any CPU = Release|Any CPU
	EndGlobalSection
	GlobalSection(ProjectConfigurationPlatforms) = postSolution
		{1FFFF2AD-3FBF-48A7-8136-F8BD697E5BA7}.Debug|Any CPU.ActiveCfg = Debug|Any CPU
		{1FFFF2AD-3FBF-48A7-8136-F8BD697E5BA7}.Debug|Any CPU.Build.0 = Debug|Any CPU
		{1FFFF2AD-3FBF-48A7-8136-F8BD697E5BA7}.Release|Any CPU.ActiveCfg = Release|Any CPU
		{1FFFF2AD-3FBF-48A7-8136-F8BD697E5BA7}.Release|Any CPU.Build.0 = Release|Any CPU
	EndGlobalSection
	GlobalSection(SolutionProperties) = preSolution
		HideSolutionNode = FALSE
	EndGlobalSection
	GlobalSection(ExtensibilityGlobals) = postSolution
		SolutionGuid = {4830A4CC-AC35-4915-90DA-DFC94B4FFADF}
	EndGlobalSection
EndGlobal
